
Microsoft Visual Studio Solution File, Format Version 12.00
# Visual Studio Version 16
VisualStudioVersion = 16.0.30114.105
MinimumVisualStudioVersion = 10.0.40219.1
Project("{FAE04EC0-301F-11D3-BF4B-00C04F79EFBC}") = "4_number_of_inversions", "4_number_of_inversions\4_number_of_inversions.csproj", "{EBD2A37B-B569-4F23-9866-FA65DCA94F6B}"
EndProject
Global
	GlobalSection(SolutionConfigurationPlatforms) = preSolution
		Debug|Any CPU = Debug|Any CPU
		Release|Any CPU = Release|Any CPU
	EndGlobalSection
	GlobalSection(ProjectConfigurationPlatforms) = postSolution
		{EBD2A37B-B569-4F23-9866-FA65DCA94F6B}.Debug|Any CPU.ActiveCfg = Debug|Any CPU
		{EBD2A37B-B569-4F23-9866-FA65DCA94F6B}.Debug|Any CPU.Build.0 = Debug|Any CPU
		{EBD2A37B-B569-4F23-9866-FA65DCA94F6B}.Release|Any CPU.ActiveCfg = Release|Any CPU
		{EBD2A37B-B569-4F23-9866-FA65DCA94F6B}.Release|Any CPU.Build.0 = Release|Any CPU
	EndGlobalSection
	GlobalSection(SolutionProperties) = preSolution
		HideSolutionNode = FALSE
	EndGlobalSection
	GlobalSection(ExtensibilityGlobals) = postSolution
		SolutionGuid = {6EF1BE16-1DBF-46F9-8F97-6ACC2323244B}
	EndGlobalSection
EndGlobal
