
Microsoft Visual Studio Solution File, Format Version 12.00
# Visual Studio Version 16
VisualStudioVersion = 16.0.30114.105
MinimumVisualStudioVersion = 10.0.40219.1
Project("{FAE04EC0-301F-11D3-BF4B-00C04F79EFBC}") = "2_partitioning_souvenirs", "2_partitioning_souvenirs\2_partitioning_souvenirs.csproj", "{2FA80C83-2FC9-4D3A-A064-31B390C80784}"
EndProject
Global
	GlobalSection(SolutionConfigurationPlatforms) = preSolution
		Debug|Any CPU = Debug|Any CPU
		Release|Any CPU = Release|Any CPU
	EndGlobalSection
	GlobalSection(ProjectConfigurationPlatforms) = postSolution
		{2FA80C83-2FC9-4D3A-A064-31B390C80784}.Debug|Any CPU.ActiveCfg = Debug|Any CPU
		{2FA80C83-2FC9-4D3A-A064-31B390C80784}.Debug|Any CPU.Build.0 = Debug|Any CPU
		{2FA80C83-2FC9-4D3A-A064-31B390C80784}.Release|Any CPU.ActiveCfg = Release|Any CPU
		{2FA80C83-2FC9-4D3A-A064-31B390C80784}.Release|Any CPU.Build.0 = Release|Any CPU
	EndGlobalSection
	GlobalSection(SolutionProperties) = preSolution
		HideSolutionNode = FALSE
	EndGlobalSection
	GlobalSection(ExtensibilityGlobals) = postSolution
		SolutionGuid = {D293E8EF-1308-4B3F-B937-56AD574A7094}
	EndGlobalSection
EndGlobal
