
Microsoft Visual Studio Solution File, Format Version 12.00
# Visual Studio Version 16
VisualStudioVersion = 16.0.30114.105
MinimumVisualStudioVersion = 10.0.40219.1
Project("{FAE04EC0-301F-11D3-BF4B-00C04F79EFBC}") = "3_car_fueling", "3_car_fueling\3_car_fueling.csproj", "{B7A8D179-DC8F-4BF5-8B9C-1F0D297E1C5E}"
EndProject
Global
	GlobalSection(SolutionConfigurationPlatforms) = preSolution
		Debug|Any CPU = Debug|Any CPU
		Release|Any CPU = Release|Any CPU
	EndGlobalSection
	GlobalSection(ProjectConfigurationPlatforms) = postSolution
		{B7A8D179-DC8F-4BF5-8B9C-1F0D297E1C5E}.Debug|Any CPU.ActiveCfg = Debug|Any CPU
		{B7A8D179-DC8F-4BF5-8B9C-1F0D297E1C5E}.Debug|Any CPU.Build.0 = Debug|Any CPU
		{B7A8D179-DC8F-4BF5-8B9C-1F0D297E1C5E}.Release|Any CPU.ActiveCfg = Release|Any CPU
		{B7A8D179-DC8F-4BF5-8B9C-1F0D297E1C5E}.Release|Any CPU.Build.0 = Release|Any CPU
	EndGlobalSection
	GlobalSection(SolutionProperties) = preSolution
		HideSolutionNode = FALSE
	EndGlobalSection
	GlobalSection(ExtensibilityGlobals) = postSolution
		SolutionGuid = {D3AA6E33-475B-49B7-B9E9-61E940CBFF3C}
	EndGlobalSection
EndGlobal
