
Microsoft Visual Studio Solution File, Format Version 12.00
# Visual Studio Version 16
VisualStudioVersion = 16.0.30114.105
MinimumVisualStudioVersion = 10.0.40219.1
Project("{FAE04EC0-301F-11D3-BF4B-00C04F79EFBC}") = "1_brackets_in_code", "1_brackets_in_code\1_brackets_in_code.csproj", "{451B444A-568F-4B9A-8692-9F73FDD2FC97}"
EndProject
Global
	GlobalSection(SolutionConfigurationPlatforms) = preSolution
		Debug|Any CPU = Debug|Any CPU
		Release|Any CPU = Release|Any CPU
	EndGlobalSection
	GlobalSection(ProjectConfigurationPlatforms) = postSolution
		{451B444A-568F-4B9A-8692-9F73FDD2FC97}.Debug|Any CPU.ActiveCfg = Debug|Any CPU
		{451B444A-568F-4B9A-8692-9F73FDD2FC97}.Debug|Any CPU.Build.0 = Debug|Any CPU
		{451B444A-568F-4B9A-8692-9F73FDD2FC97}.Release|Any CPU.ActiveCfg = Release|Any CPU
		{451B444A-568F-4B9A-8692-9F73FDD2FC97}.Release|Any CPU.Build.0 = Release|Any CPU
	EndGlobalSection
	GlobalSection(SolutionProperties) = preSolution
		HideSolutionNode = FALSE
	EndGlobalSection
	GlobalSection(ExtensibilityGlobals) = postSolution
		SolutionGuid = {02A5D967-757C-4403-8E90-DC78DDF83796}
	EndGlobalSection
EndGlobal
