
Microsoft Visual Studio Solution File, Format Version 12.00
# Visual Studio Version 16
VisualStudioVersion = 16.0.30114.105
MinimumVisualStudioVersion = 10.0.40219.1
Project("{FAE04EC0-301F-11D3-BF4B-00C04F79EFBC}") = "2_hash_chains", "2_hash_chains\2_hash_chains.csproj", "{7796067B-CA05-4AEA-AE10-F2650E46F3B3}"
EndProject
Global
	GlobalSection(SolutionConfigurationPlatforms) = preSolution
		Debug|Any CPU = Debug|Any CPU
		Release|Any CPU = Release|Any CPU
	EndGlobalSection
	GlobalSection(ProjectConfigurationPlatforms) = postSolution
		{7796067B-CA05-4AEA-AE10-F2650E46F3B3}.Debug|Any CPU.ActiveCfg = Debug|Any CPU
		{7796067B-CA05-4AEA-AE10-F2650E46F3B3}.Debug|Any CPU.Build.0 = Debug|Any CPU
		{7796067B-CA05-4AEA-AE10-F2650E46F3B3}.Release|Any CPU.ActiveCfg = Release|Any CPU
		{7796067B-CA05-4AEA-AE10-F2650E46F3B3}.Release|Any CPU.Build.0 = Release|Any CPU
	EndGlobalSection
	GlobalSection(SolutionProperties) = preSolution
		HideSolutionNode = FALSE
	EndGlobalSection
	GlobalSection(ExtensibilityGlobals) = postSolution
		SolutionGuid = {88D6465A-61C5-49D5-8FFA-718E20041C61}
	EndGlobalSection
EndGlobal
